Microsoft Visual Studio Solution File, Format Version 12.00
# Visual Studio 15
Project("{8BC9CEB8-8B4A-11D0-8D11-00A0C91BC942}") = "ALL_BUILD", "ALL_BUILD.vcxproj", "{B2FEF823-0317-378B-B4EE-AC594D8E35FB}"
	ProjectSection(ProjectDependencies) = postProject
		{60A16E50-BE49-397B-9407-621311541978} = {60A16E50-BE49-397B-9407-621311541978}
		{9D956837-EB03-3BEA-A3B2-8FA3581D4F43} = {9D956837-EB03-3BEA-A3B2-8FA3581D4F43}
	EndProjectSection
EndProject
Project("{8BC9CEB8-8B4A-11D0-8D11-00A0C91BC942}") = "INSTALL", "INSTALL.vcxproj", "{112A08A0-543A-3F90-90E6-42CC3FFCEF64}"
	ProjectSection(ProjectDependencies) = postProject
		{B2FEF823-0317-378B-B4EE-AC594D8E35FB} = {B2FEF823-0317-378B-B4EE-AC594D8E35FB}
		{9D956837-EB03-3BEA-A3B2-8FA3581D4F43} = {9D956837-EB03-3BEA-A3B2-8FA3581D4F43}
	EndProjectSection
EndProject
Project("{8BC9CEB8-8B4A-11D0-8D11-00A0C91BC942}") = "StatisticalDistributionsLib", "src\StatisticalDistributionsLib.vcxproj", "{60A16E50-BE49-397B-9407-621311541978}"
	ProjectSection(ProjectDependencies) = postProject
		{9D956837-EB03-3BEA-A3B2-8FA3581D4F43} = {9D956837-EB03-3BEA-A3B2-8FA3581D4F43}
	EndProjectSection
EndProject
Project("{8BC9CEB8-8B4A-11D0-8D11-00A0C91BC942}") = "ZERO_CHECK", "ZERO_CHECK.vcxproj", "{9D956837-EB03-3BEA-A3B2-8FA3581D4F43}"
	ProjectSection(ProjectDependencies) = postProject
	EndProjectSection
EndProject
Global
	GlobalSection(SolutionConfigurationPlatforms) = preSolution
		Debug|Win32 = Debug|Win32
		Release|Win32 = Release|Win32
		MinSizeRel|Win32 = MinSizeRel|Win32
		RelWithDebInfo|Win32 = RelWithDebInfo|Win32
	EndGlobalSection
	GlobalSection(ProjectConfigurationPlatforms) = postSolution
		{B2FEF823-0317-378B-B4EE-AC594D8E35FB}.Debug|Win32.ActiveCfg = Debug|Win32
		{B2FEF823-0317-378B-B4EE-AC594D8E35FB}.Debug|Win32.Build.0 = Debug|Win32
		{B2FEF823-0317-378B-B4EE-AC594D8E35FB}.Release|Win32.ActiveCfg = Release|Win32
		{B2FEF823-0317-378B-B4EE-AC594D8E35FB}.Release|Win32.Build.0 = Release|Win32
		{B2FEF823-0317-378B-B4EE-AC594D8E35FB}.MinSizeRel|Win32.ActiveCfg = MinSizeRel|Win32
		{B2FEF823-0317-378B-B4EE-AC594D8E35FB}.MinSizeRel|Win32.Build.0 = MinSizeRel|Win32
		{B2FEF823-0317-378B-B4EE-AC594D8E35FB}.RelWithDebInfo|Win32.ActiveCfg = RelWithDebInfo|Win32
		{B2FEF823-0317-378B-B4EE-AC594D8E35FB}.RelWithDebInfo|Win32.Build.0 = RelWithDebInfo|Win32
		{112A08A0-543A-3F90-90E6-42CC3FFCEF64}.Debug|Win32.ActiveCfg = Debug|Win32
		{112A08A0-543A-3F90-90E6-42CC3FFCEF64}.Release|Win32.ActiveCfg = Release|Win32
		{112A08A0-543A-3F90-90E6-42CC3FFCEF64}.MinSizeRel|Win32.ActiveCfg = MinSizeRel|Win32
		{112A08A0-543A-3F90-90E6-42CC3FFCEF64}.RelWithDebInfo|Win32.ActiveCfg = RelWithDebInfo|Win32
		{60A16E50-BE49-397B-9407-621311541978}.Debug|Win32.ActiveCfg = Debug|Win32
		{60A16E50-BE49-397B-9407-621311541978}.Debug|Win32.Build.0 = Debug|Win32
		{60A16E50-BE49-397B-9407-621311541978}.Release|Win32.ActiveCfg = Release|Win32
		{60A16E50-BE49-397B-9407-621311541978}.Release|Win32.Build.0 = Release|Win32
		{60A16E50-BE49-397B-9407-621311541978}.MinSizeRel|Win32.ActiveCfg = MinSizeRel|Win32
		{60A16E50-BE49-397B-9407-621311541978}.MinSizeRel|Win32.Build.0 = MinSizeRel|Win32
		{60A16E50-BE49-397B-9407-621311541978}.RelWithDebInfo|Win32.ActiveCfg = RelWithDebInfo|Win32
		{60A16E50-BE49-397B-9407-621311541978}.RelWithDebInfo|Win32.Build.0 = RelWithDebInfo|Win32
		{9D956837-EB03-3BEA-A3B2-8FA3581D4F43}.Debug|Win32.ActiveCfg = Debug|Win32
		{9D956837-EB03-3BEA-A3B2-8FA3581D4F43}.Debug|Win32.Build.0 = Debug|Win32
		{9D956837-EB03-3BEA-A3B2-8FA3581D4F43}.Release|Win32.ActiveCfg = Release|Win32
		{9D956837-EB03-3BEA-A3B2-8FA3581D4F43}.Release|Win32.Build.0 = Release|Win32
		{9D956837-EB03-3BEA-A3B2-8FA3581D4F43}.MinSizeRel|Win32.ActiveCfg = MinSizeRel|Win32
		{9D956837-EB03-3BEA-A3B2-8FA3581D4F43}.MinSizeRel|Win32.Build.0 = MinSizeRel|Win32
		{9D956837-EB03-3BEA-A3B2-8FA3581D4F43}.RelWithDebInfo|Win32.ActiveCfg = RelWithDebInfo|Win32
		{9D956837-EB03-3BEA-A3B2-8FA3581D4F43}.RelWithDebInfo|Win32.Build.0 = RelWithDebInfo|Win32
	EndGlobalSection
	GlobalSection(ExtensibilityGlobals) = postSolution
		SolutionGuid = {9795601C-1051-3D97-97AC-C590EF516312}
	EndGlobalSection
	GlobalSection(ExtensibilityAddIns) = postSolution
	EndGlobalSection
EndGlobal
